
Microsoft Visual Studio Solution File, Format Version 12.00
# Visual Studio Version 16
VisualStudioVersion = 16.0.31911.196
MinimumVisualStudioVersion = 10.0.40219.1
Project("{9A19103F-16F7-4668-BE54-9A1E7A4F7556}") = "API", "API\API.csproj", "{05F28497-A4CA-4FCA-9EEF-0F080499D4F8}"
EndProject
Project("{FAE04EC0-301F-11D3-BF4B-00C04F79EFBC}") = "Client", "Client\Client.csproj", "{CC9F0D34-C46A-4783-9F1F-EF4BAFCA1C96}"
EndProject
Global
	GlobalSection(SolutionConfigurationPlatforms) = preSolution
		Debug|Any CPU = Debug|Any CPU
		Release|Any CPU = Release|Any CPU
	EndGlobalSection
	GlobalSection(ProjectConfigurationPlatforms) = postSolution
		{05F28497-A4CA-4FCA-9EEF-0F080499D4F8}.Debug|Any CPU.ActiveCfg = Debug|Any CPU
		{05F28497-A4CA-4FCA-9EEF-0F080499D4F8}.Debug|Any CPU.Build.0 = Debug|Any CPU
		{05F28497-A4CA-4FCA-9EEF-0F080499D4F8}.Release|Any CPU.ActiveCfg = Release|Any CPU
		{05F28497-A4CA-4FCA-9EEF-0F080499D4F8}.Release|Any CPU.Build.0 = Release|Any CPU
		{CC9F0D34-C46A-4783-9F1F-EF4BAFCA1C96}.Debug|Any CPU.ActiveCfg = Debug|Any CPU
		{CC9F0D34-C46A-4783-9F1F-EF4BAFCA1C96}.Debug|Any CPU.Build.0 = Debug|Any CPU
		{CC9F0D34-C46A-4783-9F1F-EF4BAFCA1C96}.Release|Any CPU.ActiveCfg = Release|Any CPU
		{CC9F0D34-C46A-4783-9F1F-EF4BAFCA1C96}.Release|Any CPU.Build.0 = Release|Any CPU
	EndGlobalSection
	GlobalSection(SolutionProperties) = preSolution
		HideSolutionNode = FALSE
	EndGlobalSection
	GlobalSection(ExtensibilityGlobals) = postSolution
		SolutionGuid = {01ECC594-584C-4371-B488-B928782001D8}
	EndGlobalSection
EndGlobal
